// !$*UTF8*$!
{
	archiveVersion = 1;
	classes = {
	};
	objectVersion = 50;
	objects = {

/* Begin PBXBuildFile section */
		6FFE09C123AD2CB800E45051 /* AppDelegate.swift in Sources */ = {isa = PBXBuildFile; fileRef = 6FFE09C023AD2CB800E45051 /* AppDelegate.swift */; };
		6FFE09C323AD2CB800E45051 /* SceneDelegate.swift in Sources */ = {isa = PBXBuildFile; fileRef = 6FFE09C223AD2CB800E45051 /* SceneDelegate.swift */; };
		6FFE09C523AD2CB800E45051 /* ContentView.swift in Sources */ = {isa = PBXBuildFile; fileRef = 6FFE09C423AD2CB800E45051 /* ContentView.swift */; };
		6FFE09C723AD2CBA00E45051 /* Assets.xcassets in Resources */ = {isa = PBXBuildFile; fileRef = 6FFE09C623AD2CBA00E45051 /* Assets.xcassets */; };
		6FFE09CA23AD2CBA00E45051 /* Preview Assets.xcassets in Resources */ = {isa = PBXBuildFile; fileRef = 6FFE09C923AD2CBA00E45051 /* Preview Assets.xcassets */; };
		6FFE09CD23AD2CBA00E45051 /* LaunchScreen.storyboard in Resources */ = {isa = PBXBuildFile; fileRef = 6FFE09CB23AD2CBA00E45051 /* LaunchScreen.storyboard */; };
/* End PBXBuildFile section */

/* Begin PBXFileReference section */
		6FFE09BD23AD2CB800E45051 /* SlideInMenu.app */ = {isa = PBXFileReference; explicitFileType = wrapper.application; includeInIndex = 0; path = SlideInMenu.app; sourceTree = BUILT_PRODUCTS_DIR; };
		6FFE09C023AD2CB800E45051 /* AppDelegate.swift */ = {isa = PBXFileReference; lastKnownFileType = sourcecode.swift; path = AppDelegate.swift; sourceTree = "<group>"; };
		6FFE09C223AD2CB800E45051 /* SceneDelegate.swift */ = {isa = PBXFileReference; lastKnownFileType = sourcecode.swift; path = SceneDelegate.swift; sourceTree = "<group>"; };
		6FFE09C423AD2CB800E45051 /* ContentView.swift */ = {isa = PBXFileReference; lastKnownFileType = sourcecode.swift; path = ContentView.swift; sourceTree = "<group>"; };
		6FFE09C623AD2CBA00E45051 /* Assets.xcassets */ = {isa = PBXFileReference; lastKnownFileType = folder.assetcatalog; path = Assets.xcassets; sourceTree = "<group>"; };
		6FFE09C923AD2CBA00E45051 /* Preview Assets.xcassets */ = {isa = PBXFileReference; lastKnownFileType = folder.assetcatalog; path = "Preview Assets.xcassets"; sourceTree = "<group>"; };
		6FFE09CC23AD2CBA00E45051 /* Base */ = {isa = PBXFileReference; lastKnownFileType = file.storyboard; name = Base; path = Base.lproj/LaunchScreen.storyboard; sourceTree = "<group>"; };
		6FFE09CE23AD2CBA00E45051 /* Info.plist */ = {isa = PBXFileReference; lastKnownFileType = text.plist.xml; path = Info.plist; sourceTree = "<group>"; };
/* End PBXFileReference section */

/* Begin PBXFrameworksBuildPhase section */
		6FFE09BA23AD2CB800E45051 /* Frameworks */ = {
			isa = PBXFrameworksBuildPhase;
			buildActionMask = 2147483647;
			files = (
			);
			runOnlyForDeploymentPostprocessing = 0;
		};
/* End PBXFrameworksBuildPhase section */

/* Begin PBXGroup section */
		6FFE09B423AD2CB800E45051 = {
			isa = PBXGroup;
			children = (
				6FFE09BF23AD2CB800E45051 /* SlideInMenu */,
				6FFE09BE23AD2CB800E45051 /* Products */,
			);
			sourceTree = "<group>";
		};
		6FFE09BE23AD2CB800E45051 /* Products */ = {
			isa = PBXGroup;
			children = (
				6FFE09BD23AD2CB800E45051 /* SlideInMenu.app */,
			);
			name = Products;
			sourceTree = "<group>";
		};
		6FFE09BF23AD2CB800E45051 /* SlideInMenu */ = {
			isa = PBXGroup;
			children = (
				6FFE09C023AD2CB800E45051 /* AppDelegate.swift */,
				6FFE09C223AD2CB800E45051 /* SceneDelegate.swift */,
				6FFE09C423AD2CB800E45051 /* ContentView.swift */,
				6FFE09C623AD2CBA00E45051 /* Assets.xcassets */,
				6FFE09CB23AD2CBA00E45051 /* LaunchScreen.storyboard */,
				6FFE09CE23AD2CBA00E45051 /* Info.plist */,
				6FFE09C823AD2CBA00E45051 /* Preview Content */,
			);
			path = SlideInMenu;
			sourceTree = "<group>";
		};
		6FFE09C823AD2CBA00E45051 /* Preview Content */ = {
			isa = PBXGroup;
			children = (
				6FFE09C923AD2CBA00E45051 /* Preview Assets.xcassets */,
			);
			path = "Preview Content";
			sourceTree = "<group>";
		};
/* End PBXGroup section */

/* Begin PBXNativeTarget section */
		6FFE09BC23AD2CB800E45051 /* SlideInMenu */ = {
			isa = PBXNativeTarget;
			buildConfigurationList = 6FFE09D123AD2CBA00E45051 /* Build configuration list for PBXNativeTarget "SlideInMenu" */;
			buildPhases = (
				6FFE09B923AD2CB800E45051 /* Sources */,
				6FFE09BA23AD2CB800E45051 /* Frameworks */,
				6FFE09BB23AD2CB800E45051 /* Resources */,
			);
			buildRules = (
			);
			dependencies = (
			);
			name = SlideInMenu;
			productName = SlideInMenu;
			productReference = 6FFE09BD23AD2CB800E45051 /* SlideInMenu.app */;
			productType = "com.apple.product-type.application";
		};
/* End PBXNativeTarget section */

/* Begin PBXProject section */
		6FFE09B523AD2CB800E45051 /* Project object */ = {
			isa = PBXProject;
			attributes = {
				LastSwiftUpdateCheck = 1120;
				LastUpgradeCheck = 1120;
				ORGANIZATIONNAME = "Alexander Römer";
				TargetAttributes = {
					6FFE09BC23AD2CB800E45051 = {
						CreatedOnToolsVersion = 11.2.1;
					};
				};
			};
			buildConfigurationList = 6FFE09B823AD2CB800E45051 /* Build configuration list for PBXProject "SlideInMenu" */;
			compatibilityVersion = "Xcode 9.3";
			developmentRegion = en;
			hasScannedForEncodings = 0;
			knownRegions = (
				en,
				Base,
			);
			mainGroup = 6FFE09B423AD2CB800E45051;
			productRefGroup = 6FFE09BE23AD2CB800E45051 /* Products */;
			projectDirPath = "";
			projectRoot = "";
			targets = (
				6FFE09BC23AD2CB800E45051 /* SlideInMenu */,
			);
		};
/* End PBXProject section */

/* Begin PBXResourcesBuildPhase section */
		6FFE09BB23AD2CB800E45051 /* Resources */ = {
			isa = PBXResourcesBuildPhase;
			buildActionMask = 2147483647;
			files = (
				6FFE09CD23AD2CBA00E45051 /* LaunchScreen.storyboard in Resources */,
				6FFE09CA23AD2CBA00E45051 /* Preview Assets.xcassets in Resources */,
				6FFE09C723AD2CBA00E45051 /* Assets.xcassets in Resources */,
			);
			runOnlyForDeploymentPostprocessing = 0;
		};
/* End PBXResourcesBuildPhase section */

/* Begin PBXSourcesBuildPhase section */
		6FFE09B923AD2CB800E45051 /* Sources */ = {
			isa = PBXSourcesBuildPhase;
			buildActionMask = 2147483647;
			files = (
				6FFE09C123AD2CB800E45051 /* AppDelegate.swift in Sources */,
				6FFE09C323AD2CB800E45051 /* SceneDelegate.swift in Sources */,
				6FFE09C523AD2CB800E45051 /* ContentView.swift in Sources */,
			);
			runOnlyForDeploymentPostprocessing = 0;
		};
/* End PBXSourcesBuildPhase section */

/* Begin PBXVariantGroup section */
		6FFE09CB23AD2CBA00E45051 /* LaunchScreen.storyboard */ = {
			isa = PBXVariantGroup;
			children = (
				6FFE09CC23AD2CBA00E45051 /* Base */,
			);
			name = LaunchScreen.storyboard;
			sourceTree = "<group>";
		};
/* End PBXVariantGroup section */

/* Begin XCBuildConfiguration section */
		6FFE09CF23AD2CBA00E45051 /* Debug */ = {
			isa = XCBuildConfiguration;
			buildSettings = {
				ALWAYS_SEARCH_USER_PATHS = NO;
				CLANG_ANALYZER_NONNULL = YES;
				CLANG_ANALYZER_NUMBER_OBJECT_CONVERSION = YES_AGGRESSIVE;
				CLANG_CXX_LANGUAGE_STANDARD = "gnu++14";
				CLANG_CXX_LIBRARY = "libc++";
				CLANG_ENABLE_MODULES = YES;
				CLANG_ENABLE_OBJC_ARC = YES;
				CLANG_ENABLE_OBJC_WEAK = YES;
				CLANG_WARN_BLOCK_CAPTURE_AUTORELEASING = YES;
				CLANG_WARN_BOOL_CONVERSION = YES;
				CLANG_WARN_COMMA = YES;
				CLANG_WARN_CONSTANT_CONVERSION = YES;
				CLANG_WARN_DEPRECATED_OBJC_IMPLEMENTATIONS = YES;
				CLANG_WARN_DIRECT_OBJC_ISA_USAGE = YES_ERROR;
				CLANG_WARN_DOCUMENTATION_COMMENTS = YES;
				CLANG_WARN_EMPTY_BODY = YES;
				CLANG_WARN_ENUM_CONVERSION = YES;
				CLANG_WARN_INFINITE_RECURSION = YES;
				CLANG_WARN_INT_CONVERSION = YES;
				CLANG_WARN_NON_LITERAL_NULL_CONVERSION = YES;
				CLANG_WARN_OBJC_IMPLICIT_RETAIN_SELF = YES;
				CLANG_WARN_OBJC_LITERAL_CONVERSION = YES;
				CLANG_WARN_OBJC_ROOT_CLASS = YES_ERROR;
				CLANG_WARN_RANGE_LOOP_ANALYSIS = YES;
				CLANG_WARN_STRICT_PROTOTYPES = YES;
				CLANG_WARN_SUSPICIOUS_MOVE = YES;
				CLANG_WARN_UNGUARDED_AVAILABILITY = YES_AGGRESSIVE;
				CLANG_WARN_UNREACHABLE_CODE = YES;
				CLANG_WARN__DUPLICATE_METHOD_MATCH = YES;
				COPY_PHASE_STRIP = NO;
				DEBUG_INFORMATION_FORMAT = dwarf;
				ENABLE_STRICT_OBJC_MSGSEND = YES;
				ENABLE_TESTABILITY = YES;
				GCC_C_LANGUAGE_STANDARD = gnu11;
				GCC_DYNAMIC_NO_PIC = NO;
				GCC_NO_COMMON_BLOCKS = YES;
				GCC_OPTIMIZATION_LEVEL = 0;
				GCC_PREPROCESSOR_DEFINITIONS = (
					"DEBUG=1",
					"$(inherited)",
				);
				GCC_WARN_64_TO_32_BIT_CONVERSION = YES;
				GCC_WARN_ABOUT_RETURN_TYPE = YES_ERROR;
				GCC_WARN_UNDECLARED_SELECTOR = YES;
				GCC_WARN_UNINITIALIZED_AUTOS = YES_AGGRESSIVE;
				GCC_WARN_UNUSED_FUNCTION = YES;
				GCC_WARN_UNUSED_VARIABLE = YES;
				IPHONEOS_DEPLOYMENT_TARGET = 13.2;
				MTL_ENABLE_DEBUG_INFO = INCLUDE_SOURCE;
				MTL_FAST_MATH = YES;
				ONLY_ACTIVE_ARCH = YES;
				SDKROOT = iphoneos;
				SWIFT_ACTIVE_COMPILATION_CONDITIONS = DEBUG;
				SWIFT_OPTIMIZATION_LEVEL = "-Onone";
			};
			name = Debug;
		};
		6FFE09D023AD2CBA00E45051 /* Release */ = {
			isa = XCBuildConfiguration;
			buildSettings = {
				ALWAYS_SEARCH_USER_PATHS = NO;
				CLANG_ANALYZER_NONNULL = YES;
				CLANG_ANALYZER_NUMBER_OBJECT_CONVERSION = YES_AGGRESSIVE;
				CLANG_CXX_LANGUAGE_STANDARD = "gnu++14";
				CLANG_CXX_LIBRARY = "libc++";
				CLANG_ENABLE_MODULES = YES;
				CLANG_ENABLE_OBJC_ARC = YES;
				CLANG_ENABLE_OBJC_WEAK = YES;
				CLANG_WARN_BLOCK_CAPTURE_AUTORELEASING = YES;
				CLANG_WARN_BOOL_CONVERSION = YES;
				CLANG_WARN_COMMA = YES;
				CLANG_WARN_CONSTANT_CONVERSION = YES;
				CLANG_WARN_DEPRECATED_OBJC_IMPLEMENTATIONS = YES;
				CLANG_WARN_DIRECT_OBJC_ISA_USAGE = YES_ERROR;
				CLANG_WARN_DOCUMENTATION_COMMENTS = YES;
				CLANG_WARN_EMPTY_BODY = YES;
				CLANG_WARN_ENUM_CONVERSION = YES;
				CLANG_WARN_INFINITE_RECURSION = YES;
				CLANG_WARN_INT_CONVERSION = YES;
				CLANG_WARN_NON_LITERAL_NULL_CONVERSION = YES;
				CLANG_WARN_OBJC_IMPLICIT_RETAIN_SELF = YES;
				CLANG_WARN_OBJC_LITERAL_CONVERSION = YES;
				CLANG_WARN_OBJC_ROOT_CLASS = YES_ERROR;
				CLANG_WARN_RANGE_LOOP_ANALYSIS = YES;
				CLANG_WARN_STRICT_PROTOTYPES = YES;
				CLANG_WARN_SUSPICIOUS_MOVE = YES;
				CLANG_WARN_UNGUARDED_AVAILABILITY = YES_AGGRESSIVE;
				CLANG_WARN_UNREACHABLE_CODE = YES;
				CLANG_WARN__DUPLICATE_METHOD_MATCH = YES;
				COPY_PHASE_STRIP = NO;
				DEBUG_INFORMATION_FORMAT = "dwarf-with-dsym";
				ENABLE_NS_ASSERTIONS = NO;
				ENABLE_STRICT_OBJC_MSGSEND = YES;
				GCC_C_LANGUAGE_STANDARD = gnu11;
				GCC_NO_COMMON_BLOCKS = YES;
				GCC_WARN_64_TO_32_BIT_CONVERSION = YES;
				GCC_WARN_ABOUT_RETURN_TYPE = YES_ERROR;
				GCC_WARN_UNDECLARED_SELECTOR = YES;
				GCC_WARN_UNINITIALIZED_AUTOS = YES_AGGRESSIVE;
				GCC_WARN_UNUSED_FUNCTION = YES;
				GCC_WARN_UNUSED_VARIABLE = YES;
				IPHONEOS_DEPLOYMENT_TARGET = 13.2;
				MTL_ENABLE_DEBUG_INFO = NO;
				MTL_FAST_MATH = YES;
				SDKROOT = iphoneos;
				SWIFT_COMPILATION_MODE = wholemodule;
				SWIFT_OPTIMIZATION_LEVEL = "-O";
				VALIDATE_PRODUCT = YES;
			};
			name = Release;
		};
		6FFE09D223AD2CBA00E45051 /* Debug */ = {
			isa = XCBuildConfiguration;
			buildSettings = {
				ASSETCATALOG_COMPILER_APPICON_NAME = AppIcon;
				CODE_SIGN_STYLE = Automatic;
				DEVELOPMENT_ASSET_PATHS = "\"SlideInMenu/Preview Content\"";
				DEVELOPMENT_TEAM = MEVD82DA4E;
				ENABLE_PREVIEWS = YES;
				INFOPLIST_FILE = SlideInMenu/Info.plist;
				LD_RUNPATH_SEARCH_PATHS = (
					"$(inherited)",
					"@executable_path/Frameworks",
				);
				PRODUCT_BUNDLE_IDENTIFIER = design.roemer.SlideInMenu;
				PRODUCT_NAME = "$(TARGET_NAME)";
				SWIFT_VERSION = 5.0;
				TARGETED_DEVICE_FAMILY = "1,2";
			};
			name = Debug;
		};
		6FFE09D323AD2CBA00E45051 /* Release */ = {
			isa = XCBuildConfiguration;
			buildSettings = {
				ASSETCATALOG_COMPILER_APPICON_NAME = AppIcon;
				CODE_SIGN_STYLE = Automatic;
				DEVELOPMENT_ASSET_PATHS = "\"SlideInMenu/Preview Content\"";
				DEVELOPMENT_TEAM = MEVD82DA4E;
				ENABLE_PREVIEWS = YES;
				INFOPLIST_FILE = SlideInMenu/Info.plist;
				LD_RUNPATH_SEARCH_PATHS = (
					"$(inherited)",
					"@executable_path/Frameworks",
				);
				PRODUCT_BUNDLE_IDENTIFIER = design.roemer.SlideInMenu;
				PRODUCT_NAME = "$(TARGET_NAME)";
				SWIFT_VERSION = 5.0;
				TARGETED_DEVICE_FAMILY = "1,2";
			};
			name = Release;
		};
/* End XCBuildConfiguration section */

/* Begin XCConfigurationList section */
		6FFE09B823AD2CB800E45051 /* Build configuration list for PBXProject "SlideInMenu" */ = {
			isa = XCConfigurationList;
			buildConfigurations = (
				6FFE09CF23AD2CBA00E45051 /* Debug */,
				6FFE09D023AD2CBA00E45051 /* Release */,
			);
			defaultConfigurationIsVisible = 0;
			defaultConfigurationName = Release;
		};
		6FFE09D123AD2CBA00E45051 /* Build configuration list for PBXNativeTarget "SlideInMenu" */ = {
			isa = XCConfigurationList;
			buildConfigurations = (
				6FFE09D223AD2CBA00E45051 /* Debug */,
				6FFE09D323AD2CBA00E45051 /* Release */,
			);
			defaultConfigurationIsVisible = 0;
			defaultConfigurationName = Release;
		};
/* End XCConfigurationList section */
	};
	rootObject = 6FFE09B523AD2CB800E45051 /* Project object */;
}
